
Microsoft Visual Studio Solution File, Format Version 12.00
# Visual Studio 14
VisualStudioVersion = 14.0.25420.1
MinimumVisualStudioVersion = 10.0.40219.1
Project("{FAE04EC0-301F-11D3-BF4B-00C04F79EFBC}") = "Projeto.Web", "Projeto.Web\Projeto.Web.csproj", "{431FA071-B088-4EEB-8EB1-8EE6FACC7A90}"
EndProject
Global
	GlobalSection(SolutionConfigurationPlatforms) = preSolution
		Debug|Any CPU = Debug|Any CPU
		Release|Any CPU = Release|Any CPU
	EndGlobalSection
	GlobalSection(ProjectConfigurationPlatforms) = postSolution
		{431FA071-B088-4EEB-8EB1-8EE6FACC7A90}.Debug|Any CPU.ActiveCfg = Debug|Any CPU
		{431FA071-B088-4EEB-8EB1-8EE6FACC7A90}.Debug|Any CPU.Build.0 = Debug|Any CPU
		{431FA071-B088-4EEB-8EB1-8EE6FACC7A90}.Release|Any CPU.ActiveCfg = Release|Any CPU
		{431FA071-B088-4EEB-8EB1-8EE6FACC7A90}.Release|Any CPU.Build.0 = Release|Any CPU
	EndGlobalSection
	GlobalSection(SolutionProperties) = preSolution
		HideSolutionNode = FALSE
	EndGlobalSection
EndGlobal
